
Microsoft Visual Studio Solution File, Format Version 12.00
# Visual Studio Version 17
VisualStudioVersion = 17.14.36623.8 d17.14
MinimumVisualStudioVersion = 10.0.40219.1
Project("{FAE04EC0-301F-11D3-BF4B-00C04F79EFBC}") = "Produto-Estoque", "Produto-Estoque\Produto-Estoque.csproj", "{9117571A-DF0C-4528-A736-160CED8C4A13}"
EndProject
Global
	GlobalSection(SolutionConfigurationPlatforms) = preSolution
		Debug|Any CPU = Debug|Any CPU
		Release|Any CPU = Release|Any CPU
	EndGlobalSection
	GlobalSection(ProjectConfigurationPlatforms) = postSolution
		{9117571A-DF0C-4528-A736-160CED8C4A13}.Debug|Any CPU.ActiveCfg = Debug|Any CPU
		{9117571A-DF0C-4528-A736-160CED8C4A13}.Debug|Any CPU.Build.0 = Debug|Any CPU
		{9117571A-DF0C-4528-A736-160CED8C4A13}.Release|Any CPU.ActiveCfg = Release|Any CPU
		{9117571A-DF0C-4528-A736-160CED8C4A13}.Release|Any CPU.Build.0 = Release|Any CPU
	EndGlobalSection
	GlobalSection(SolutionProperties) = preSolution
		HideSolutionNode = FALSE
	EndGlobalSection
	GlobalSection(ExtensibilityGlobals) = postSolution
		SolutionGuid = {B76D6D28-824C-4831-B8DA-CC06F1BF0B5E}
	EndGlobalSection
EndGlobal
